
Microsoft Visual Studio Solution File, Format Version 12.00
# Visual Studio 15
VisualStudioVersion = 15.0.26430.6
MinimumVisualStudioVersion = 10.0.40219.1
Project("{2150E333-8FDC-42A3-9474-1A3956D46DE8}") = "2 - Application", "2 - Application", "{DB737D1D-FDA4-44DF-AED6-1B7814D203C7}"
EndProject
Project("{2150E333-8FDC-42A3-9474-1A3956D46DE8}") = "3 - Domain", "3 - Domain", "{1DB4B184-DB1D-4087-831F-5B7FFE85D00F}"
EndProject
Project("{2150E333-8FDC-42A3-9474-1A3956D46DE8}") = "4 - Infraestructure", "4 - Infraestructure", "{CFCF47C8-6BAD-4F26-9C3B-4EBD52390D7C}"
EndProject
Project("{2150E333-8FDC-42A3-9474-1A3956D46DE8}") = "5 - Tests", "5 - Tests", "{A25EEB5F-3654-4554-93A0-49D86E4E0244}"
EndProject
Project("{2150E333-8FDC-42A3-9474-1A3956D46DE8}") = "1 - Services", "1 - Services", "{3F5D855A-0B32-43AC-9A64-C0476B85DBD4}"
EndProject
Project("{2150E333-8FDC-42A3-9474-1A3956D46DE8}") = "1.1 - WebApi", "1.1 - WebApi", "{CD77CE42-7C36-46BC-B9C4-539E9C416763}"
EndProject
Project("{9A19103F-16F7-4668-BE54-9A1E7A4F7556}") = "UnitTests.Customers", "UnitTests\UnitTests.Customers.csproj", "{12D5EC93-0B01-432C-AAB4-6E2404B3BAD4}"
EndProject
Project("{2150E333-8FDC-42A3-9474-1A3956D46DE8}") = "2.1 - Querys", "2.1 - Querys", "{69D305DF-1474-4520-BF17-503E12142CC5}"
EndProject
Project("{2150E333-8FDC-42A3-9474-1A3956D46DE8}") = "2.2 - Commands", "2.2 - Commands", "{5138BDEC-9301-4A8D-9DC4-5D0EAF28B2A7}"
EndProject
Project("{2150E333-8FDC-42A3-9474-1A3956D46DE8}") = "4.1 - Data", "4.1 - Data", "{2D5AEAE5-0B24-4080-B604-CB2D10A8A1FD}"
EndProject
Project("{9A19103F-16F7-4668-BE54-9A1E7A4F7556}") = "Query.Customers", "Query.Customers\Query.Customers.csproj", "{12F2627E-27E0-4F30-BFDE-F4A974BECF9F}"
EndProject
Project("{9A19103F-16F7-4668-BE54-9A1E7A4F7556}") = "WebApi.Customers", "WebApi.Customers\WebApi.Customers.csproj", "{87932A8C-EA97-458D-AEEB-2F60D4F6755B}"
EndProject
Project("{9A19103F-16F7-4668-BE54-9A1E7A4F7556}") = "Domain.Customers", "Domain.Customers\Domain.Customers.csproj", "{5E8BB95F-27CB-4DA8-8650-B5C74EC76548}"
EndProject
Project("{9A19103F-16F7-4668-BE54-9A1E7A4F7556}") = "Infrastructure.Data.Customers", "Infrastructure.Data.Customers\Infrastructure.Data.Customers.csproj", "{5E299AF4-4826-4A66-B7ED-C06C9A7945E2}"
EndProject
Global
	GlobalSection(SolutionConfigurationPlatforms) = preSolution
		Debug|Any CPU = Debug|Any CPU
		Release|Any CPU = Release|Any CPU
	EndGlobalSection
	GlobalSection(ProjectConfigurationPlatforms) = postSolution
		{12D5EC93-0B01-432C-AAB4-6E2404B3BAD4}.Debug|Any CPU.ActiveCfg = Debug|Any CPU
		{12D5EC93-0B01-432C-AAB4-6E2404B3BAD4}.Debug|Any CPU.Build.0 = Debug|Any CPU
		{12D5EC93-0B01-432C-AAB4-6E2404B3BAD4}.Release|Any CPU.ActiveCfg = Release|Any CPU
		{12D5EC93-0B01-432C-AAB4-6E2404B3BAD4}.Release|Any CPU.Build.0 = Release|Any CPU
		{12F2627E-27E0-4F30-BFDE-F4A974BECF9F}.Debug|Any CPU.ActiveCfg = Debug|Any CPU
		{12F2627E-27E0-4F30-BFDE-F4A974BECF9F}.Debug|Any CPU.Build.0 = Debug|Any CPU
		{12F2627E-27E0-4F30-BFDE-F4A974BECF9F}.Release|Any CPU.ActiveCfg = Release|Any CPU
		{12F2627E-27E0-4F30-BFDE-F4A974BECF9F}.Release|Any CPU.Build.0 = Release|Any CPU
		{87932A8C-EA97-458D-AEEB-2F60D4F6755B}.Debug|Any CPU.ActiveCfg = Debug|Any CPU
		{87932A8C-EA97-458D-AEEB-2F60D4F6755B}.Debug|Any CPU.Build.0 = Debug|Any CPU
		{87932A8C-EA97-458D-AEEB-2F60D4F6755B}.Release|Any CPU.ActiveCfg = Release|Any CPU
		{87932A8C-EA97-458D-AEEB-2F60D4F6755B}.Release|Any CPU.Build.0 = Release|Any CPU
		{5E8BB95F-27CB-4DA8-8650-B5C74EC76548}.Debug|Any CPU.ActiveCfg = Debug|Any CPU
		{5E8BB95F-27CB-4DA8-8650-B5C74EC76548}.Debug|Any CPU.Build.0 = Debug|Any CPU
		{5E8BB95F-27CB-4DA8-8650-B5C74EC76548}.Release|Any CPU.ActiveCfg = Release|Any CPU
		{5E8BB95F-27CB-4DA8-8650-B5C74EC76548}.Release|Any CPU.Build.0 = Release|Any CPU
		{5E299AF4-4826-4A66-B7ED-C06C9A7945E2}.Debug|Any CPU.ActiveCfg = Debug|Any CPU
		{5E299AF4-4826-4A66-B7ED-C06C9A7945E2}.Debug|Any CPU.Build.0 = Debug|Any CPU
		{5E299AF4-4826-4A66-B7ED-C06C9A7945E2}.Release|Any CPU.ActiveCfg = Release|Any CPU
		{5E299AF4-4826-4A66-B7ED-C06C9A7945E2}.Release|Any CPU.Build.0 = Release|Any CPU
	EndGlobalSection
	GlobalSection(SolutionProperties) = preSolution
		HideSolutionNode = FALSE
	EndGlobalSection
	GlobalSection(NestedProjects) = preSolution
		{CD77CE42-7C36-46BC-B9C4-539E9C416763} = {3F5D855A-0B32-43AC-9A64-C0476B85DBD4}
		{12D5EC93-0B01-432C-AAB4-6E2404B3BAD4} = {A25EEB5F-3654-4554-93A0-49D86E4E0244}
		{69D305DF-1474-4520-BF17-503E12142CC5} = {DB737D1D-FDA4-44DF-AED6-1B7814D203C7}
		{5138BDEC-9301-4A8D-9DC4-5D0EAF28B2A7} = {DB737D1D-FDA4-44DF-AED6-1B7814D203C7}
		{2D5AEAE5-0B24-4080-B604-CB2D10A8A1FD} = {CFCF47C8-6BAD-4F26-9C3B-4EBD52390D7C}
		{12F2627E-27E0-4F30-BFDE-F4A974BECF9F} = {69D305DF-1474-4520-BF17-503E12142CC5}
		{87932A8C-EA97-458D-AEEB-2F60D4F6755B} = {CD77CE42-7C36-46BC-B9C4-539E9C416763}
		{5E8BB95F-27CB-4DA8-8650-B5C74EC76548} = {1DB4B184-DB1D-4087-831F-5B7FFE85D00F}
		{5E299AF4-4826-4A66-B7ED-C06C9A7945E2} = {2D5AEAE5-0B24-4080-B604-CB2D10A8A1FD}
	EndGlobalSection
EndGlobal
